
Microsoft Visual Studio Solution File, Format Version 12.00
# Visual Studio Version 16
VisualStudioVersion = 16.0.30104.148
MinimumVisualStudioVersion = 10.0.40219.1
Project("{FAE04EC0-301F-11D3-BF4B-00C04F79EFBC}") = "LabelTest.Android", "LabelTest\LabelTest.Android\LabelTest.Android.csproj", "{3ABB9F6D-95DA-4047-91FC-6A1593662883}"
EndProject
Project("{FAE04EC0-301F-11D3-BF4B-00C04F79EFBC}") = "LabelTest", "LabelTest\LabelTest\LabelTest.csproj", "{ED317A00-E11F-46F8-A466-18773FA6368D}"
EndProject
Global
	GlobalSection(SolutionConfigurationPlatforms) = preSolution
		Debug|Any CPU = Debug|Any CPU
		Release|Any CPU = Release|Any CPU
	EndGlobalSection
	GlobalSection(ProjectConfigurationPlatforms) = postSolution
		{3ABB9F6D-95DA-4047-91FC-6A1593662883}.Debug|Any CPU.ActiveCfg = Debug|Any CPU
		{3ABB9F6D-95DA-4047-91FC-6A1593662883}.Debug|Any CPU.Build.0 = Debug|Any CPU
		{3ABB9F6D-95DA-4047-91FC-6A1593662883}.Debug|Any CPU.Deploy.0 = Debug|Any CPU
		{3ABB9F6D-95DA-4047-91FC-6A1593662883}.Release|Any CPU.ActiveCfg = Release|Any CPU
		{3ABB9F6D-95DA-4047-91FC-6A1593662883}.Release|Any CPU.Build.0 = Release|Any CPU
		{3ABB9F6D-95DA-4047-91FC-6A1593662883}.Release|Any CPU.Deploy.0 = Release|Any CPU
		{ED317A00-E11F-46F8-A466-18773FA6368D}.Debug|Any CPU.ActiveCfg = Debug|Any CPU
		{ED317A00-E11F-46F8-A466-18773FA6368D}.Debug|Any CPU.Build.0 = Debug|Any CPU
		{ED317A00-E11F-46F8-A466-18773FA6368D}.Debug|Any CPU.Deploy.0 = Debug|Any CPU
		{ED317A00-E11F-46F8-A466-18773FA6368D}.Release|Any CPU.ActiveCfg = Release|Any CPU
		{ED317A00-E11F-46F8-A466-18773FA6368D}.Release|Any CPU.Build.0 = Release|Any CPU
		{ED317A00-E11F-46F8-A466-18773FA6368D}.Release|Any CPU.Deploy.0 = Release|Any CPU
	EndGlobalSection
	GlobalSection(SolutionProperties) = preSolution
		HideSolutionNode = FALSE
	EndGlobalSection
	GlobalSection(ExtensibilityGlobals) = postSolution
		SolutionGuid = {04588A3E-835F-4FA7-8178-CD78132EA3E3}
	EndGlobalSection
EndGlobal
