
Microsoft Visual Studio Solution File, Format Version 12.00
# Visual Studio Version 16
VisualStudioVersion = 16.0.30104.148
MinimumVisualStudioVersion = 10.0.40219.1
Project("{FAE04EC0-301F-11D3-BF4B-00C04F79EFBC}") = "HelloXamarinApp.Android", "HelloXamarinApp\HelloXamarinApp.Android\HelloXamarinApp.Android.csproj", "{213406FB-6C71-41D6-85E5-972897E4CC7A}"
EndProject
Project("{FAE04EC0-301F-11D3-BF4B-00C04F79EFBC}") = "HelloXamarinApp", "HelloXamarinApp\HelloXamarinApp\HelloXamarinApp.csproj", "{775DD722-C31D-4895-BA7B-9E028D5857EA}"
EndProject
Global
	GlobalSection(SolutionConfigurationPlatforms) = preSolution
		Debug|Any CPU = Debug|Any CPU
		Release|Any CPU = Release|Any CPU
	EndGlobalSection
	GlobalSection(ProjectConfigurationPlatforms) = postSolution
		{213406FB-6C71-41D6-85E5-972897E4CC7A}.Debug|Any CPU.ActiveCfg = Debug|Any CPU
		{213406FB-6C71-41D6-85E5-972897E4CC7A}.Debug|Any CPU.Build.0 = Debug|Any CPU
		{213406FB-6C71-41D6-85E5-972897E4CC7A}.Debug|Any CPU.Deploy.0 = Debug|Any CPU
		{213406FB-6C71-41D6-85E5-972897E4CC7A}.Release|Any CPU.ActiveCfg = Release|Any CPU
		{213406FB-6C71-41D6-85E5-972897E4CC7A}.Release|Any CPU.Build.0 = Release|Any CPU
		{213406FB-6C71-41D6-85E5-972897E4CC7A}.Release|Any CPU.Deploy.0 = Release|Any CPU
		{775DD722-C31D-4895-BA7B-9E028D5857EA}.Debug|Any CPU.ActiveCfg = Debug|Any CPU
		{775DD722-C31D-4895-BA7B-9E028D5857EA}.Debug|Any CPU.Build.0 = Debug|Any CPU
		{775DD722-C31D-4895-BA7B-9E028D5857EA}.Debug|Any CPU.Deploy.0 = Debug|Any CPU
		{775DD722-C31D-4895-BA7B-9E028D5857EA}.Release|Any CPU.ActiveCfg = Release|Any CPU
		{775DD722-C31D-4895-BA7B-9E028D5857EA}.Release|Any CPU.Build.0 = Release|Any CPU
		{775DD722-C31D-4895-BA7B-9E028D5857EA}.Release|Any CPU.Deploy.0 = Release|Any CPU
	EndGlobalSection
	GlobalSection(SolutionProperties) = preSolution
		HideSolutionNode = FALSE
	EndGlobalSection
	GlobalSection(ExtensibilityGlobals) = postSolution
		SolutionGuid = {F1286F9E-0576-457D-B6A2-686A4BA0EFFA}
	EndGlobalSection
EndGlobal
